
Microsoft Visual Studio Solution File, Format Version 12.00
# Visual Studio Version 17
VisualStudioVersion = 17.3.32901.215
MinimumVisualStudioVersion = 10.0.40219.1
Project("{FAE04EC0-301F-11D3-BF4B-00C04F79EFBC}") = "TestWebAPI", "TestWebAPI\TestWebAPI.csproj", "{A7CA3D66-3F2A-459E-9144-F29061E3EB67}"
EndProject
Project("{FAE04EC0-301F-11D3-BF4B-00C04F79EFBC}") = "Test.Data", "Test.Data\Test.Data.csproj", "{26873BE9-5976-416F-9378-E9A4D962825C}"
EndProject
Project("{FAE04EC0-301F-11D3-BF4B-00C04F79EFBC}") = "Common", "Common\Common.csproj", "{C6EB629A-E40A-475E-8D54-7A596D61022D}"
EndProject
Global
	GlobalSection(SolutionConfigurationPlatforms) = preSolution
		Debug|Any CPU = Debug|Any CPU
		Release|Any CPU = Release|Any CPU
	EndGlobalSection
	GlobalSection(ProjectConfigurationPlatforms) = postSolution
		{A7CA3D66-3F2A-459E-9144-F29061E3EB67}.Debug|Any CPU.ActiveCfg = Debug|Any CPU
		{A7CA3D66-3F2A-459E-9144-F29061E3EB67}.Debug|Any CPU.Build.0 = Debug|Any CPU
		{A7CA3D66-3F2A-459E-9144-F29061E3EB67}.Release|Any CPU.ActiveCfg = Release|Any CPU
		{A7CA3D66-3F2A-459E-9144-F29061E3EB67}.Release|Any CPU.Build.0 = Release|Any CPU
		{26873BE9-5976-416F-9378-E9A4D962825C}.Debug|Any CPU.ActiveCfg = Debug|Any CPU
		{26873BE9-5976-416F-9378-E9A4D962825C}.Debug|Any CPU.Build.0 = Debug|Any CPU
		{26873BE9-5976-416F-9378-E9A4D962825C}.Release|Any CPU.ActiveCfg = Release|Any CPU
		{26873BE9-5976-416F-9378-E9A4D962825C}.Release|Any CPU.Build.0 = Release|Any CPU
		{C6EB629A-E40A-475E-8D54-7A596D61022D}.Debug|Any CPU.ActiveCfg = Debug|Any CPU
		{C6EB629A-E40A-475E-8D54-7A596D61022D}.Debug|Any CPU.Build.0 = Debug|Any CPU
		{C6EB629A-E40A-475E-8D54-7A596D61022D}.Release|Any CPU.ActiveCfg = Release|Any CPU
		{C6EB629A-E40A-475E-8D54-7A596D61022D}.Release|Any CPU.Build.0 = Release|Any CPU
	EndGlobalSection
	GlobalSection(SolutionProperties) = preSolution
		HideSolutionNode = FALSE
	EndGlobalSection
	GlobalSection(ExtensibilityGlobals) = postSolution
		SolutionGuid = {A781B524-D6ED-42F9-82FB-6A36882A5F28}
	EndGlobalSection
EndGlobal
